
Microsoft Visual Studio Solution File, Format Version 12.00
# Visual Studio Version 16
VisualStudioVersion = 16.0.29503.13
MinimumVisualStudioVersion = 10.0.40219.1
Project("{FAE04EC0-301F-11D3-BF4B-00C04F79EFBC}") = "MyTournament.Web", "MyTournament.Web\MyTournament.Web.csproj", "{0369B45B-7CC8-44F6-9CF6-BD6ED8A585AF}"
EndProject
Global
	GlobalSection(SolutionConfigurationPlatforms) = preSolution
		Debug|Any CPU = Debug|Any CPU
		Release|Any CPU = Release|Any CPU
	EndGlobalSection
	GlobalSection(ProjectConfigurationPlatforms) = postSolution
		{0369B45B-7CC8-44F6-9CF6-BD6ED8A585AF}.Debug|Any CPU.ActiveCfg = Debug|Any CPU
		{0369B45B-7CC8-44F6-9CF6-BD6ED8A585AF}.Debug|Any CPU.Build.0 = Debug|Any CPU
		{0369B45B-7CC8-44F6-9CF6-BD6ED8A585AF}.Release|Any CPU.ActiveCfg = Release|Any CPU
		{0369B45B-7CC8-44F6-9CF6-BD6ED8A585AF}.Release|Any CPU.Build.0 = Release|Any CPU
	EndGlobalSection
	GlobalSection(SolutionProperties) = preSolution
		HideSolutionNode = FALSE
	EndGlobalSection
	GlobalSection(ExtensibilityGlobals) = postSolution
		SolutionGuid = {2F419C3E-C0A7-4C87-939E-D3AB896454AD}
	EndGlobalSection
EndGlobal
